// !$*UTF8*$!
{
	archiveVersion = 1;
	classes = {
	};
	objectVersion = 77;
	objects = {

/* Begin PBXContainerItemProxy section */
		E0752FDC2E5EED2E007E7365 /* PBXContainerItemProxy */ = {
			isa = PBXContainerItemProxy;
			containerPortal = E0752FC32E5EED2A007E7365 /* Project object */;
			proxyType = 1;
			remoteGlobalIDString = E0752FCA2E5EED2A007E7365;
			remoteInfo = "Local Data Store";
		};
		E0752FE62E5EED2E007E7365 /* PBXContainerItemProxy */ = {
			isa = PBXContainerItemProxy;
			containerPortal = E0752FC32E5EED2A007E7365 /* Project object */;
			proxyType = 1;
			remoteGlobalIDString = E0752FCA2E5EED2A007E7365;
			remoteInfo = "Local Data Store";
		};
/* End PBXContainerItemProxy section */

/* Begin PBXFileReference section */
		E0752FCB2E5EED2A007E7365 /* Local Data Store.app */ = {isa = PBXFileReference; explicitFileType = wrapper.application; includeInIndex = 0; path = "Local Data Store.app"; sourceTree = BUILT_PRODUCTS_DIR; };
		E0752FDB2E5EED2E007E7365 /* Local Data StoreTests.xctest */ = {isa = PBXFileReference; explicitFileType = wrapper.cfbundle; includeInIndex = 0; path = "Local Data StoreTests.xctest"; sourceTree = BUILT_PRODUCTS_DIR; };
		E0752FE52E5EED2E007E7365 /* Local Data StoreUITests.xctest */ = {isa = PBXFileReference; explicitFileType = wrapper.cfbundle; includeInIndex = 0; path = "Local Data StoreUITests.xctest"; sourceTree = BUILT_PRODUCTS_DIR; };
/* End PBXFileReference section */

/* Begin PBXFileSystemSynchronizedRootGroup section */
		E0752FCD2E5EED2A007E7365 /* Local Data Store */ = {
			isa = PBXFileSystemSynchronizedRootGroup;
			path = "Local Data Store";
			sourceTree = "<group>";
		};
		E0752FDE2E5EED2E007E7365 /* Local Data StoreTests */ = {
			isa = PBXFileSystemSynchronizedRootGroup;
			path = "Local Data StoreTests";
			sourceTree = "<group>";
		};
		E0752FE82E5EED2E007E7365 /* Local Data StoreUITests */ = {
			isa = PBXFileSystemSynchronizedRootGroup;
			path = "Local Data StoreUITests";
			sourceTree = "<group>";
		};
/* End PBXFileSystemSynchronizedRootGroup section */

/* Begin PBXFrameworksBuildPhase section */
		E0752FC82E5EED2A007E7365 /* Frameworks */ = {
			isa = PBXFrameworksBuildPhase;
			buildActionMask = 2147483647;
			files = (
			);
			runOnlyForDeploymentPostprocessing = 0;
		};
		E0752FD82E5EED2E007E7365 /* Frameworks */ = {
			isa = PBXFrameworksBuildPhase;
			buildActionMask = 2147483647;
			files = (
			);
			runOnlyForDeploymentPostprocessing = 0;
		};
		E0752FE22E5EED2E007E7365 /* Frameworks */ = {
			isa = PBXFrameworksBuildPhase;
			buildActionMask = 2147483647;
			files = (
			);
			runOnlyForDeploymentPostprocessing = 0;
		};
/* End PBXFrameworksBuildPhase section */

/* Begin PBXGroup section */
		E0752FC22E5EED2A007E7365 = {
			isa = PBXGroup;
			children = (
				E0752FCD2E5EED2A007E7365 /* Local Data Store */,
				E0752FDE2E5EED2E007E7365 /* Local Data StoreTests */,
				E0752FE82E5EED2E007E7365 /* Local Data StoreUITests */,
				E0752FCC2E5EED2A007E7365 /* Products */,
			);
			sourceTree = "<group>";
		};
		E0752FCC2E5EED2A007E7365 /* Products */ = {
			isa = PBXGroup;
			children = (
				E0752FCB2E5EED2A007E7365 /* Local Data Store.app */,
				E0752FDB2E5EED2E007E7365 /* Local Data StoreTests.xctest */,
				E0752FE52E5EED2E007E7365 /* Local Data StoreUITests.xctest */,
			);
			name = Products;
			sourceTree = "<group>";
		};
/* End PBXGroup section */

/* Begin PBXNativeTarget section */
		E0752FCA2E5EED2A007E7365 /* Local Data Store */ = {
			isa = PBXNativeTarget;
			buildConfigurationList = E0752FEF2E5EED2E007E7365 /* Build configuration list for PBXNativeTarget "Local Data Store" */;
			buildPhases = (
				E0752FC72E5EED2A007E7365 /* Sources */,
				E0752FC82E5EED2A007E7365 /* Frameworks */,
				E0752FC92E5EED2A007E7365 /* Resources */,
			);
			buildRules = (
			);
			dependencies = (
			);
			fileSystemSynchronizedGroups = (
				E0752FCD2E5EED2A007E7365 /* Local Data Store */,
			);
			name = "Local Data Store";
			packageProductDependencies = (
			);
			productName = "Local Data Store";
			productReference = E0752FCB2E5EED2A007E7365 /* Local Data Store.app */;
			productType = "com.apple.product-type.application";
		};
		E0752FDA2E5EED2E007E7365 /* Local Data StoreTests */ = {
			isa = PBXNativeTarget;
			buildConfigurationList = E0752FF22E5EED2E007E7365 /* Build configuration list for PBXNativeTarget "Local Data StoreTests" */;
			buildPhases = (
				E0752FD72E5EED2E007E7365 /* Sources */,
				E0752FD82E5EED2E007E7365 /* Frameworks */,
				E0752FD92E5EED2E007E7365 /* Resources */,
			);
			buildRules = (
			);
			dependencies = (
				E0752FDD2E5EED2E007E7365 /* PBXTargetDependency */,
			);
			fileSystemSynchronizedGroups = (
				E0752FDE2E5EED2E007E7365 /* Local Data StoreTests */,
			);
			name = "Local Data StoreTests";
			packageProductDependencies = (
			);
			productName = "Local Data StoreTests";
			productReference = E0752FDB2E5EED2E007E7365 /* Local Data StoreTests.xctest */;
			productType = "com.apple.product-type.bundle.unit-test";
		};
		E0752FE42E5EED2E007E7365 /* Local Data StoreUITests */ = {
			isa = PBXNativeTarget;
			buildConfigurationList = E0752FF52E5EED2E007E7365 /* Build configuration list for PBXNativeTarget "Local Data StoreUITests" */;
			buildPhases = (
				E0752FE12E5EED2E007E7365 /* Sources */,
				E0752FE22E5EED2E007E7365 /* Frameworks */,
				E0752FE32E5EED2E007E7365 /* Resources */,
			);
			buildRules = (
			);
			dependencies = (
				E0752FE72E5EED2E007E7365 /* PBXTargetDependency */,
			);
			fileSystemSynchronizedGroups = (
				E0752FE82E5EED2E007E7365 /* Local Data StoreUITests */,
			);
			name = "Local Data StoreUITests";
			packageProductDependencies = (
			);
			productName = "Local Data StoreUITests";
			productReference = E0752FE52E5EED2E007E7365 /* Local Data StoreUITests.xctest */;
			productType = "com.apple.product-type.bundle.ui-testing";
		};
/* End PBXNativeTarget section */

/* Begin PBXProject section */
		E0752FC32E5EED2A007E7365 /* Project object */ = {
			isa = PBXProject;
			attributes = {
				BuildIndependentTargetsInParallel = 1;
				LastSwiftUpdateCheck = 1620;
				LastUpgradeCheck = 1620;
				TargetAttributes = {
					E0752FCA2E5EED2A007E7365 = {
						CreatedOnToolsVersion = 16.2;
					};
					E0752FDA2E5EED2E007E7365 = {
						CreatedOnToolsVersion = 16.2;
						TestTargetID = E0752FCA2E5EED2A007E7365;
					};
					E0752FE42E5EED2E007E7365 = {
						CreatedOnToolsVersion = 16.2;
						TestTargetID = E0752FCA2E5EED2A007E7365;
					};
				};
			};
			buildConfigurationList = E0752FC62E5EED2A007E7365 /* Build configuration list for PBXProject "Local Data Store" */;
			developmentRegion = en;
			hasScannedForEncodings = 0;
			knownRegions = (
				en,
				Base,
			);
			mainGroup = E0752FC22E5EED2A007E7365;
			minimizedProjectReferenceProxies = 1;
			preferredProjectObjectVersion = 77;
			productRefGroup = E0752FCC2E5EED2A007E7365 /* Products */;
			projectDirPath = "";
			projectRoot = "";
			targets = (
				E0752FCA2E5EED2A007E7365 /* Local Data Store */,
				E0752FDA2E5EED2E007E7365 /* Local Data StoreTests */,
				E0752FE42E5EED2E007E7365 /* Local Data StoreUITests */,
			);
		};
/* End PBXProject section */

/* Begin PBXResourcesBuildPhase section */
		E0752FC92E5EED2A007E7365 /* Resources */ = {
			isa = PBXResourcesBuildPhase;
			buildActionMask = 2147483647;
			files = (
			);
			runOnlyForDeploymentPostprocessing = 0;
		};
		E0752FD92E5EED2E007E7365 /* Resources */ = {
			isa = PBXResourcesBuildPhase;
			buildActionMask = 2147483647;
			files = (
			);
			runOnlyForDeploymentPostprocessing = 0;
		};
		E0752FE32E5EED2E007E7365 /* Resources */ = {
			isa = PBXResourcesBuildPhase;
			buildActionMask = 2147483647;
			files = (
			);
			runOnlyForDeploymentPostprocessing = 0;
		};
/* End PBXResourcesBuildPhase section */

/* Begin PBXSourcesBuildPhase section */
		E0752FC72E5EED2A007E7365 /* Sources */ = {
			isa = PBXSourcesBuildPhase;
			buildActionMask = 2147483647;
			files = (
			);
			runOnlyForDeploymentPostprocessing = 0;
		};
		E0752FD72E5EED2E007E7365 /* Sources */ = {
			isa = PBXSourcesBuildPhase;
			buildActionMask = 2147483647;
			files = (
			);
			runOnlyForDeploymentPostprocessing = 0;
		};
		E0752FE12E5EED2E007E7365 /* Sources */ = {
			isa = PBXSourcesBuildPhase;
			buildActionMask = 2147483647;
			files = (
			);
			runOnlyForDeploymentPostprocessing = 0;
		};
/* End PBXSourcesBuildPhase section */

/* Begin PBXTargetDependency section */
		E0752FDD2E5EED2E007E7365 /* PBXTargetDependency */ = {
			isa = PBXTargetDependency;
			target = E0752FCA2E5EED2A007E7365 /* Local Data Store */;
			targetProxy = E0752FDC2E5EED2E007E7365 /* PBXContainerItemProxy */;
		};
		E0752FE72E5EED2E007E7365 /* PBXTargetDependency */ = {
			isa = PBXTargetDependency;
			target = E0752FCA2E5EED2A007E7365 /* Local Data Store */;
			targetProxy = E0752FE62E5EED2E007E7365 /* PBXContainerItemProxy */;
		};
/* End PBXTargetDependency section */

/* Begin XCBuildConfiguration section */
		E0752FED2E5EED2E007E7365 /* Debug */ = {
			isa = XCBuildConfiguration;
			buildSettings = {
				ALWAYS_SEARCH_USER_PATHS = NO;
				ASSETCATALOG_COMPILER_GENERATE_SWIFT_ASSET_SYMBOL_EXTENSIONS = YES;
				CLANG_ANALYZER_NONNULL = YES;
				CLANG_ANALYZER_NUMBER_OBJECT_CONVERSION = YES_AGGRESSIVE;
				CLANG_CXX_LANGUAGE_STANDARD = "gnu++20";
				CLANG_ENABLE_MODULES = YES;
				CLANG_ENABLE_OBJC_ARC = YES;
				CLANG_ENABLE_OBJC_WEAK = YES;
				CLANG_WARN_BLOCK_CAPTURE_AUTORELEASING = YES;
				CLANG_WARN_BOOL_CONVERSION = YES;
				CLANG_WARN_COMMA = YES;
				CLANG_WARN_CONSTANT_CONVERSION = YES;
				CLANG_WARN_DEPRECATED_OBJC_IMPLEMENTATIONS = YES;
				CLANG_WARN_DIRECT_OBJC_ISA_USAGE = YES_ERROR;
				CLANG_WARN_DOCUMENTATION_COMMENTS = YES;
				CLANG_WARN_EMPTY_BODY = YES;
				CLANG_WARN_ENUM_CONVERSION = YES;
				CLANG_WARN_INFINITE_RECURSION = YES;
				CLANG_WARN_INT_CONVERSION = YES;
				CLANG_WARN_NON_LITERAL_NULL_CONVERSION = YES;
				CLANG_WARN_OBJC_IMPLICIT_RETAIN_SELF = YES;
				CLANG_WARN_OBJC_LITERAL_CONVERSION = YES;
				CLANG_WARN_OBJC_ROOT_CLASS = YES_ERROR;
				CLANG_WARN_QUOTED_INCLUDE_IN_FRAMEWORK_HEADER = YES;
				CLANG_WARN_RANGE_LOOP_ANALYSIS = YES;
				CLANG_WARN_STRICT_PROTOTYPES = YES;
				CLANG_WARN_SUSPICIOUS_MOVE = YES;
				CLANG_WARN_UNGUARDED_AVAILABILITY = YES_AGGRESSIVE;
				CLANG_WARN_UNREACHABLE_CODE = YES;
				CLANG_WARN__DUPLICATE_METHOD_MATCH = YES;
				COPY_PHASE_STRIP = NO;
				DEBUG_INFORMATION_FORMAT = dwarf;
				ENABLE_STRICT_OBJC_MSGSEND = YES;
				ENABLE_TESTABILITY = YES;
				ENABLE_USER_SCRIPT_SANDBOXING = YES;
				GCC_C_LANGUAGE_STANDARD = gnu17;
				GCC_DYNAMIC_NO_PIC = NO;
				GCC_NO_COMMON_BLOCKS = YES;
				GCC_OPTIMIZATION_LEVEL = 0;
				GCC_PREPROCESSOR_DEFINITIONS = (
					"DEBUG=1",
					"$(inherited)",
				);
				GCC_WARN_64_TO_32_BIT_CONVERSION = YES;
				GCC_WARN_ABOUT_RETURN_TYPE = YES_ERROR;
				GCC_WARN_UNDECLARED_SELECTOR = YES;
				GCC_WARN_UNINITIALIZED_AUTOS = YES_AGGRESSIVE;
				GCC_WARN_UNUSED_FUNCTION = YES;
				GCC_WARN_UNUSED_VARIABLE = YES;
				IPHONEOS_DEPLOYMENT_TARGET = 18.2;
				LOCALIZATION_PREFERS_STRING_CATALOGS = YES;
				MTL_ENABLE_DEBUG_INFO = INCLUDE_SOURCE;
				MTL_FAST_MATH = YES;
				ONLY_ACTIVE_ARCH = YES;
				SDKROOT = iphoneos;
				SWIFT_ACTIVE_COMPILATION_CONDITIONS = "DEBUG $(inherited)";
				SWIFT_OPTIMIZATION_LEVEL = "-Onone";
			};
			name = Debug;
		};
		E0752FEE2E5EED2E007E7365 /* Release */ = {
			isa = XCBuildConfiguration;
			buildSettings = {
				ALWAYS_SEARCH_USER_PATHS = NO;
				ASSETCATALOG_COMPILER_GENERATE_SWIFT_ASSET_SYMBOL_EXTENSIONS = YES;
				CLANG_ANALYZER_NONNULL = YES;
				CLANG_ANALYZER_NUMBER_OBJECT_CONVERSION = YES_AGGRESSIVE;
				CLANG_CXX_LANGUAGE_STANDARD = "gnu++20";
				CLANG_ENABLE_MODULES = YES;
				CLANG_ENABLE_OBJC_ARC = YES;
				CLANG_ENABLE_OBJC_WEAK = YES;
				CLANG_WARN_BLOCK_CAPTURE_AUTORELEASING = YES;
				CLANG_WARN_BOOL_CONVERSION = YES;
				CLANG_WARN_COMMA = YES;
				CLANG_WARN_CONSTANT_CONVERSION = YES;
				CLANG_WARN_DEPRECATED_OBJC_IMPLEMENTATIONS = YES;
				CLANG_WARN_DIRECT_OBJC_ISA_USAGE = YES_ERROR;
				CLANG_WARN_DOCUMENTATION_COMMENTS = YES;
				CLANG_WARN_EMPTY_BODY = YES;
				CLANG_WARN_ENUM_CONVERSION = YES;
				CLANG_WARN_INFINITE_RECURSION = YES;
				CLANG_WARN_INT_CONVERSION = YES;
				CLANG_WARN_NON_LITERAL_NULL_CONVERSION = YES;
				CLANG_WARN_OBJC_IMPLICIT_RETAIN_SELF = YES;
				CLANG_WARN_OBJC_LITERAL_CONVERSION = YES;
				CLANG_WARN_OBJC_ROOT_CLASS = YES_ERROR;
				CLANG_WARN_QUOTED_INCLUDE_IN_FRAMEWORK_HEADER = YES;
				CLANG_WARN_RANGE_LOOP_ANALYSIS = YES;
				CLANG_WARN_STRICT_PROTOTYPES = YES;
				CLANG_WARN_SUSPICIOUS_MOVE = YES;
				CLANG_WARN_UNGUARDED_AVAILABILITY = YES_AGGRESSIVE;
				CLANG_WARN_UNREACHABLE_CODE = YES;
				CLANG_WARN__DUPLICATE_METHOD_MATCH = YES;
				COPY_PHASE_STRIP = NO;
				DEBUG_INFORMATION_FORMAT = "dwarf-with-dsym";
				ENABLE_NS_ASSERTIONS = NO;
				ENABLE_STRICT_OBJC_MSGSEND = YES;
				ENABLE_USER_SCRIPT_SANDBOXING = YES;
				GCC_C_LANGUAGE_STANDARD = gnu17;
				GCC_NO_COMMON_BLOCKS = YES;
				GCC_WARN_64_TO_32_BIT_CONVERSION = YES;
				GCC_WARN_ABOUT_RETURN_TYPE = YES_ERROR;
				GCC_WARN_UNDECLARED_SELECTOR = YES;
				GCC_WARN_UNINITIALIZED_AUTOS = YES_AGGRESSIVE;
				GCC_WARN_UNUSED_FUNCTION = YES;
				GCC_WARN_UNUSED_VARIABLE = YES;
				IPHONEOS_DEPLOYMENT_TARGET = 18.2;
				LOCALIZATION_PREFERS_STRING_CATALOGS = YES;
				MTL_ENABLE_DEBUG_INFO = NO;
				MTL_FAST_MATH = YES;
				SDKROOT = iphoneos;
				SWIFT_COMPILATION_MODE = wholemodule;
				VALIDATE_PRODUCT = YES;
			};
			name = Release;
		};
		E0752FF02E5EED2E007E7365 /* Debug */ = {
			isa = XCBuildConfiguration;
			buildSettings = {
				ASSETCATALOG_COMPILER_APPICON_NAME = AppIcon;
				ASSETCATALOG_COMPILER_GLOBAL_ACCENT_COLOR_NAME = AccentColor;
				CODE_SIGN_STYLE = Automatic;
				CURRENT_PROJECT_VERSION = 1;
				DEVELOPMENT_ASSET_PATHS = "\"Local Data Store/Preview Content\"";
				ENABLE_PREVIEWS = YES;
				GENERATE_INFOPLIST_FILE = YES;
				INFOPLIST_KEY_UIApplicationSceneManifest_Generation = YES;
				INFOPLIST_KEY_UIApplicationSupportsIndirectInputEvents = YES;
				INFOPLIST_KEY_UILaunchScreen_Generation = YES;
				INFOPLIST_KEY_UISupportedInterfaceOrientations_iPad = "UIInterfaceOrientationPortrait UIInterfaceOrientationPortraitUpsideDown UIInterfaceOrientationLandscapeLeft UIInterfaceOrientationLandscapeRight";
				INFOPLIST_KEY_UISupportedInterfaceOrientations_iPhone = "UIInterfaceOrientationPortrait UIInterfaceOrientationLandscapeLeft UIInterfaceOrientationLandscapeRight";
				IPHONEOS_DEPLOYMENT_TARGET = 17.6;
				LD_RUNPATH_SEARCH_PATHS = (
					"$(inherited)",
					"@executable_path/Frameworks",
				);
				MARKETING_VERSION = 1.0;
				PRODUCT_BUNDLE_IDENTIFIER = "-LOCAL-DATA-SORE";
				PRODUCT_NAME = "$(TARGET_NAME)";
				SWIFT_EMIT_LOC_STRINGS = YES;
				SWIFT_VERSION = 5.0;
				TARGETED_DEVICE_FAMILY = "1,2";
			};
			name = Debug;
		};
		E0752FF12E5EED2E007E7365 /* Release */ = {
			isa = XCBuildConfiguration;
			buildSettings = {
				ASSETCATALOG_COMPILER_APPICON_NAME = AppIcon;
				ASSETCATALOG_COMPILER_GLOBAL_ACCENT_COLOR_NAME = AccentColor;
				CODE_SIGN_STYLE = Automatic;
				CURRENT_PROJECT_VERSION = 1;
				DEVELOPMENT_ASSET_PATHS = "\"Local Data Store/Preview Content\"";
				ENABLE_PREVIEWS = YES;
				GENERATE_INFOPLIST_FILE = YES;
				INFOPLIST_KEY_UIApplicationSceneManifest_Generation = YES;
				INFOPLIST_KEY_UIApplicationSupportsIndirectInputEvents = YES;
				INFOPLIST_KEY_UILaunchScreen_Generation = YES;
				INFOPLIST_KEY_UISupportedInterfaceOrientations_iPad = "UIInterfaceOrientationPortrait UIInterfaceOrientationPortraitUpsideDown UIInterfaceOrientationLandscapeLeft UIInterfaceOrientationLandscapeRight";
				INFOPLIST_KEY_UISupportedInterfaceOrientations_iPhone = "UIInterfaceOrientationPortrait UIInterfaceOrientationLandscapeLeft UIInterfaceOrientationLandscapeRight";
				IPHONEOS_DEPLOYMENT_TARGET = 17.6;
				LD_RUNPATH_SEARCH_PATHS = (
					"$(inherited)",
					"@executable_path/Frameworks",
				);
				MARKETING_VERSION = 1.0;
				PRODUCT_BUNDLE_IDENTIFIER = "-LOCAL-DATA-SORE";
				PRODUCT_NAME = "$(TARGET_NAME)";
				SWIFT_EMIT_LOC_STRINGS = YES;
				SWIFT_VERSION = 5.0;
				TARGETED_DEVICE_FAMILY = "1,2";
			};
			name = Release;
		};
		E0752FF32E5EED2E007E7365 /* Debug */ = {
			isa = XCBuildConfiguration;
			buildSettings = {
				BUNDLE_LOADER = "$(TEST_HOST)";
				CODE_SIGN_STYLE = Automatic;
				CURRENT_PROJECT_VERSION = 1;
				GENERATE_INFOPLIST_FILE = YES;
				IPHONEOS_DEPLOYMENT_TARGET = 17.6;
				MARKETING_VERSION = 1.0;
				PRODUCT_BUNDLE_IDENTIFIER = "-.Local-Data-StoreTests";
				PRODUCT_NAME = "$(TARGET_NAME)";
				SWIFT_EMIT_LOC_STRINGS = NO;
				SWIFT_VERSION = 5.0;
				TARGETED_DEVICE_FAMILY = "1,2";
				TEST_HOST = "$(BUILT_PRODUCTS_DIR)/Local Data Store.app/$(BUNDLE_EXECUTABLE_FOLDER_PATH)/Local Data Store";
			};
			name = Debug;
		};
		E0752FF42E5EED2E007E7365 /* Release */ = {
			isa = XCBuildConfiguration;
			buildSettings = {
				BUNDLE_LOADER = "$(TEST_HOST)";
				CODE_SIGN_STYLE = Automatic;
				CURRENT_PROJECT_VERSION = 1;
				GENERATE_INFOPLIST_FILE = YES;
				IPHONEOS_DEPLOYMENT_TARGET = 17.6;
				MARKETING_VERSION = 1.0;
				PRODUCT_BUNDLE_IDENTIFIER = "-.Local-Data-StoreTests";
				PRODUCT_NAME = "$(TARGET_NAME)";
				SWIFT_EMIT_LOC_STRINGS = NO;
				SWIFT_VERSION = 5.0;
				TARGETED_DEVICE_FAMILY = "1,2";
				TEST_HOST = "$(BUILT_PRODUCTS_DIR)/Local Data Store.app/$(BUNDLE_EXECUTABLE_FOLDER_PATH)/Local Data Store";
			};
			name = Release;
		};
		E0752FF62E5EED2E007E7365 /* Debug */ = {
			isa = XCBuildConfiguration;
			buildSettings = {
				CODE_SIGN_STYLE = Automatic;
				CURRENT_PROJECT_VERSION = 1;
				GENERATE_INFOPLIST_FILE = YES;
				IPHONEOS_DEPLOYMENT_TARGET = 17.6;
				MARKETING_VERSION = 1.0;
				PRODUCT_BUNDLE_IDENTIFIER = "-.Local-Data-StoreUITests";
				PRODUCT_NAME = "$(TARGET_NAME)";
				SWIFT_EMIT_LOC_STRINGS = NO;
				SWIFT_VERSION = 5.0;
				TARGETED_DEVICE_FAMILY = "1,2";
				TEST_TARGET_NAME = "Local Data Store";
			};
			name = Debug;
		};
		E0752FF72E5EED2E007E7365 /* Release */ = {
			isa = XCBuildConfiguration;
			buildSettings = {
				CODE_SIGN_STYLE = Automatic;
				CURRENT_PROJECT_VERSION = 1;
				GENERATE_INFOPLIST_FILE = YES;
				IPHONEOS_DEPLOYMENT_TARGET = 17.6;
				MARKETING_VERSION = 1.0;
				PRODUCT_BUNDLE_IDENTIFIER = "-.Local-Data-StoreUITests";
				PRODUCT_NAME = "$(TARGET_NAME)";
				SWIFT_EMIT_LOC_STRINGS = NO;
				SWIFT_VERSION = 5.0;
				TARGETED_DEVICE_FAMILY = "1,2";
				TEST_TARGET_NAME = "Local Data Store";
			};
			name = Release;
		};
/* End XCBuildConfiguration section */

/* Begin XCConfigurationList section */
		E0752FC62E5EED2A007E7365 /* Build configuration list for PBXProject "Local Data Store" */ = {
			isa = XCConfigurationList;
			buildConfigurations = (
				E0752FED2E5EED2E007E7365 /* Debug */,
				E0752FEE2E5EED2E007E7365 /* Release */,
			);
			defaultConfigurationIsVisible = 0;
			defaultConfigurationName = Release;
		};
		E0752FEF2E5EED2E007E7365 /* Build configuration list for PBXNativeTarget "Local Data Store" */ = {
			isa = XCConfigurationList;
			buildConfigurations = (
				E0752FF02E5EED2E007E7365 /* Debug */,
				E0752FF12E5EED2E007E7365 /* Release */,
			);
			defaultConfigurationIsVisible = 0;
			defaultConfigurationName = Release;
		};
		E0752FF22E5EED2E007E7365 /* Build configuration list for PBXNativeTarget "Local Data StoreTests" */ = {
			isa = XCConfigurationList;
			buildConfigurations = (
				E0752FF32E5EED2E007E7365 /* Debug */,
				E0752FF42E5EED2E007E7365 /* Release */,
			);
			defaultConfigurationIsVisible = 0;
			defaultConfigurationName = Release;
		};
		E0752FF52E5EED2E007E7365 /* Build configuration list for PBXNativeTarget "Local Data StoreUITests" */ = {
			isa = XCConfigurationList;
			buildConfigurations = (
				E0752FF62E5EED2E007E7365 /* Debug */,
				E0752FF72E5EED2E007E7365 /* Release */,
			);
			defaultConfigurationIsVisible = 0;
			defaultConfigurationName = Release;
		};
/* End XCConfigurationList section */
	};
	rootObject = E0752FC32E5EED2A007E7365 /* Project object */;
}
